
Microsoft Visual Studio Solution File, Format Version 12.00
# Visual Studio 2015
Project("{FAE04EC0-301F-11D3-BF4B-00C04F79EFBC}") = "89Level2DSpaceShip.CSharp", "89Level2DSpaceShip.CSharp.csproj", "{09779C21-A255-6D81-7CD2-FC2873367DDF}"
EndProject
Global
	GlobalSection(SolutionConfigurationPlatforms) = preSolution
		Debug|Any CPU = Debug|Any CPU
		Release|Any CPU = Release|Any CPU
	EndGlobalSection
	GlobalSection(ProjectConfigurationPlatforms) = postSolution
		{09779C21-A255-6D81-7CD2-FC2873367DDF}.Debug|Any CPU.ActiveCfg = Debug|Any CPU
		{09779C21-A255-6D81-7CD2-FC2873367DDF}.Debug|Any CPU.Build.0 = Debug|Any CPU
		{09779C21-A255-6D81-7CD2-FC2873367DDF}.Release|Any CPU.ActiveCfg = Release|Any CPU
		{09779C21-A255-6D81-7CD2-FC2873367DDF}.Release|Any CPU.Build.0 = Release|Any CPU
	EndGlobalSection
	GlobalSection(SolutionProperties) = preSolution
		HideSolutionNode = FALSE
	EndGlobalSection
EndGlobal
